{
  "version": 4,
  "terraform_version": "1.12.2",
  "serial": 14,
  "lineage": "e81f94fc-ade2-3d16-5d3b-3bed5c88e947",
  "outputs": {
    "argocd_namespace": {
      "value": null,
      "type": "string"
    },
    "namespace": {
      "value": "online-spaza",
      "type": "string"
    }
  },
  "resources": [
    {
      "mode": "managed",
      "type": "kubernetes_namespace",
      "name": "online_spaza",
      "provider": "provider[\"registry.terraform.io/hashicorp/kubernetes\"]",
      "instances": [
        {
          "schema_version": 0,
          "attributes": {
            "id": "online-spaza",
            "metadata": [
              {
                "annotations": {},
                "generate_name": "",
                "generation": 0,
                "labels": {},
                "name": "online-spaza",
                "resource_version": "24055",
                "uid": "430bbdcd-c407-4db2-9f54-1ef1c2276aad"
              }
            ],
            "timeouts": null,
            "wait_for_default_service_account": null
          },
          "sensitive_attributes": [],
          "identity_schema_version": 1,
          "identity": {
            "api_version": "v1",
            "kind": "Namespace",
            "name": "online-spaza"
          },
          "private": "eyJlMmJmYjczMC1lY2FhLTExZTYtOGY4OC0zNDM2M2JjN2M0YzAiOnsiZGVsZXRlIjozMDAwMDAwMDAwMDB9LCJzY2hlbWFfdmVyc2lvbiI6IjAifQ=="
        }
      ]
    },
    {
      "mode": "managed",
      "type": "kubernetes_secret",
      "name": "db_credentials",
      "provider": "provider[\"registry.terraform.io/hashicorp/kubernetes\"]",
      "instances": [
        {
          "schema_version": 0,
          "attributes": {
            "binary_data": null,
            "binary_data_wo": null,
            "binary_data_wo_revision": null,
            "data": {
              "password": "Qwbrty!",
              "username": "root"
            },
            "data_wo": null,
            "data_wo_revision": null,
            "id": "online-spaza/db-credentials",
            "immutable": false,
            "metadata": [
              {
                "annotations": {
                  "argocd.argoproj.io/tracking-id": "online-spaza:/Secret:online-spaza/db-credentials"
                },
                "generate_name": "",
                "generation": 0,
                "labels": {},
                "name": "db-credentials",
                "namespace": "online-spaza",
                "resource_version": "473522",
                "uid": "e22a4e87-3fb6-45df-aa87-f5d47e1970bb"
              }
            ],
            "timeouts": null,
            "type": "Opaque",
            "wait_for_service_account_token": null
          },
          "sensitive_attributes": [
            [
              {
                "type": "get_attr",
                "value": "binary_data"
              }
            ],
            [
              {
                "type": "get_attr",
                "value": "data"
              }
            ]
          ],
          "identity_schema_version": 1,
          "identity": {
            "api_version": "v1",
            "kind": "Secret",
            "name": "db-credentials",
            "namespace": "online-spaza"
          },
          "private": "eyJlMmJmYjczMC1lY2FhLTExZTYtOGY4OC0zNDM2M2JjN2M0YzAiOnsiY3JlYXRlIjo2MDAwMDAwMDAwMH0sInNjaGVtYV92ZXJzaW9uIjoiMCJ9"
        }
      ]
    },
    {
      "mode": "managed",
      "type": "kubernetes_secret",
      "name": "db_root",
      "provider": "provider[\"registry.terraform.io/hashicorp/kubernetes\"]",
      "instances": [
        {
          "schema_version": 0,
          "attributes": {
            "binary_data": null,
            "binary_data_wo": null,
            "binary_data_wo_revision": null,
            "data": {
              "password": "Qwbrty!"
            },
            "data_wo": null,
            "data_wo_revision": null,
            "id": "online-spaza/db-root",
            "immutable": false,
            "metadata": [
              {
                "annotations": {
                  "argocd.argoproj.io/tracking-id": "online-spaza:/Secret:online-spaza/db-root"
                },
                "generate_name": "",
                "generation": 0,
                "labels": {},
                "name": "db-root",
                "namespace": "online-spaza",
                "resource_version": "473523",
                "uid": "20fbd974-987c-4954-b92e-de050e76ff29"
              }
            ],
            "timeouts": null,
            "type": "Opaque",
            "wait_for_service_account_token": null
          },
          "sensitive_attributes": [
            [
              {
                "type": "get_attr",
                "value": "binary_data"
              }
            ],
            [
              {
                "type": "get_attr",
                "value": "data"
              }
            ]
          ],
          "identity_schema_version": 1,
          "identity": {
            "api_version": "v1",
            "kind": "Secret",
            "name": "db-root",
            "namespace": "online-spaza"
          },
          "private": "eyJlMmJmYjczMC1lY2FhLTExZTYtOGY4OC0zNDM2M2JjN2M0YzAiOnsiY3JlYXRlIjo2MDAwMDAwMDAwMH0sInNjaGVtYV92ZXJzaW9uIjoiMCJ9"
        }
      ]
    },
    {
      "mode": "managed",
      "type": "kubernetes_secret",
      "name": "jwt_secret",
      "provider": "provider[\"registry.terraform.io/hashicorp/kubernetes\"]",
      "instances": [
        {
          "schema_version": 0,
          "attributes": {
            "binary_data": null,
            "binary_data_wo": null,
            "binary_data_wo_revision": null,
            "data": {
              "secret": "dev-jwt-secret-key-83451237"
            },
            "data_wo": null,
            "data_wo_revision": null,
            "id": "online-spaza/jwt-secret",
            "immutable": false,
            "metadata": [
              {
                "annotations": {
                  "argocd.argoproj.io/tracking-id": "online-spaza:/Secret:online-spaza/jwt-secret"
                },
                "generate_name": "",
                "generation": 0,
                "labels": {},
                "name": "jwt-secret",
                "namespace": "online-spaza",
                "resource_version": "473524",
                "uid": "b6251d80-75ec-4229-8b29-105cf9c7325b"
              }
            ],
            "timeouts": null,
            "type": "Opaque",
            "wait_for_service_account_token": null
          },
          "sensitive_attributes": [
            [
              {
                "type": "get_attr",
                "value": "binary_data"
              }
            ],
            [
              {
                "type": "get_attr",
                "value": "data"
              }
            ]
          ],
          "identity_schema_version": 1,
          "identity": {
            "api_version": "v1",
            "kind": "Secret",
            "name": "jwt-secret",
            "namespace": "online-spaza"
          },
          "private": "eyJlMmJmYjczMC1lY2FhLTExZTYtOGY4OC0zNDM2M2JjN2M0YzAiOnsiY3JlYXRlIjo2MDAwMDAwMDAwMH0sInNjaGVtYV92ZXJzaW9uIjoiMCJ9"
        }
      ]
    },
    {
      "mode": "managed",
      "type": "kubernetes_secret",
      "name": "stripe_webhook",
      "provider": "provider[\"registry.terraform.io/hashicorp/kubernetes\"]",
      "instances": [
        {
          "schema_version": 0,
          "attributes": {
            "binary_data": null,
            "binary_data_wo": null,
            "binary_data_wo_revision": null,
            "data": {
              "secret": "REPLACE_ME_STRIPE_WEBHOOK_SECRET"
            },
            "data_wo": null,
            "data_wo_revision": null,
            "id": "online-spaza/stripe-webhook",
            "immutable": false,
            "metadata": [
              {
                "annotations": {
                  "argocd.argoproj.io/tracking-id": "online-spaza:/Secret:online-spaza/stripe-webhook"
                },
                "generate_name": "",
                "generation": 0,
                "labels": {},
                "name": "stripe-webhook",
                "namespace": "online-spaza",
                "resource_version": "473525",
                "uid": "e02f605a-f372-4eae-92b9-e1728b3150c9"
              }
            ],
            "timeouts": null,
            "type": "Opaque",
            "wait_for_service_account_token": null
          },
          "sensitive_attributes": [
            [
              {
                "type": "get_attr",
                "value": "binary_data"
              }
            ],
            [
              {
                "type": "get_attr",
                "value": "data"
              }
            ]
          ],
          "identity_schema_version": 1,
          "identity": {
            "api_version": "v1",
            "kind": "Secret",
            "name": "stripe-webhook",
            "namespace": "online-spaza"
          },
          "private": "eyJlMmJmYjczMC1lY2FhLTExZTYtOGY4OC0zNDM2M2JjN2M0YzAiOnsiY3JlYXRlIjo2MDAwMDAwMDAwMH0sInNjaGVtYV92ZXJzaW9uIjoiMCJ9"
        }
      ]
    }
  ],
  "check_results": null
}
